
Microsoft Visual Studio Solution File, Format Version 12.00
# Visual Studio Version 16
VisualStudioVersion = 16.0.30114.105
MinimumVisualStudioVersion = 10.0.40219.1
Project("{F2A71F9B-5D33-465A-A702-920D77279786}") = "CDGSharp", "CDGSharp\CDGSharp.fsproj", "{EEB36B1B-92B6-42A3-ADD4-BBCAA19F3DCE}"
EndProject
Project("{F2A71F9B-5D33-465A-A702-920D77279786}") = "CDGSharp.Console", "CDGSharp.Console\CDGSharp.Console.fsproj", "{14F0EAC3-D14D-4D3D-BF7A-DACA4AE0B2D0}"
EndProject
Project("{F2A71F9B-5D33-465A-A702-920D77279786}") = "CDGSharp.Test", "CDGSharp.Test\CDGSharp.Test.fsproj", "{4EF3F265-4820-435E-84D5-75BAB95AA139}"
EndProject
Global
	GlobalSection(SolutionConfigurationPlatforms) = preSolution
		Debug|Any CPU = Debug|Any CPU
		Release|Any CPU = Release|Any CPU
	EndGlobalSection
	GlobalSection(SolutionProperties) = preSolution
		HideSolutionNode = FALSE
	EndGlobalSection
	GlobalSection(ProjectConfigurationPlatforms) = postSolution
		{EEB36B1B-92B6-42A3-ADD4-BBCAA19F3DCE}.Debug|Any CPU.ActiveCfg = Debug|Any CPU
		{EEB36B1B-92B6-42A3-ADD4-BBCAA19F3DCE}.Debug|Any CPU.Build.0 = Debug|Any CPU
		{EEB36B1B-92B6-42A3-ADD4-BBCAA19F3DCE}.Release|Any CPU.ActiveCfg = Release|Any CPU
		{EEB36B1B-92B6-42A3-ADD4-BBCAA19F3DCE}.Release|Any CPU.Build.0 = Release|Any CPU
		{14F0EAC3-D14D-4D3D-BF7A-DACA4AE0B2D0}.Debug|Any CPU.ActiveCfg = Debug|Any CPU
		{14F0EAC3-D14D-4D3D-BF7A-DACA4AE0B2D0}.Debug|Any CPU.Build.0 = Debug|Any CPU
		{14F0EAC3-D14D-4D3D-BF7A-DACA4AE0B2D0}.Release|Any CPU.ActiveCfg = Release|Any CPU
		{14F0EAC3-D14D-4D3D-BF7A-DACA4AE0B2D0}.Release|Any CPU.Build.0 = Release|Any CPU
		{4EF3F265-4820-435E-84D5-75BAB95AA139}.Debug|Any CPU.ActiveCfg = Debug|Any CPU
		{4EF3F265-4820-435E-84D5-75BAB95AA139}.Debug|Any CPU.Build.0 = Debug|Any CPU
		{4EF3F265-4820-435E-84D5-75BAB95AA139}.Release|Any CPU.ActiveCfg = Release|Any CPU
		{4EF3F265-4820-435E-84D5-75BAB95AA139}.Release|Any CPU.Build.0 = Release|Any CPU
	EndGlobalSection
EndGlobal
